
Microsoft Visual Studio Solution File, Format Version 12.00
# Visual Studio Version 17
VisualStudioVersion = 17.7.34031.279
MinimumVisualStudioVersion = 10.0.40219.1
Project("{FAE04EC0-301F-11D3-BF4B-00C04F79EFBC}") = "practica_sem7_01", "practica_sem7_01\practica_sem7_01.csproj", "{DA88E6D8-9D79-4006-842A-2613CCB6D26F}"
EndProject
Global
	GlobalSection(SolutionConfigurationPlatforms) = preSolution
		Debug|Any CPU = Debug|Any CPU
		Release|Any CPU = Release|Any CPU
	EndGlobalSection
	GlobalSection(ProjectConfigurationPlatforms) = postSolution
		{DA88E6D8-9D79-4006-842A-2613CCB6D26F}.Debug|Any CPU.ActiveCfg = Debug|Any CPU
		{DA88E6D8-9D79-4006-842A-2613CCB6D26F}.Debug|Any CPU.Build.0 = Debug|Any CPU
		{DA88E6D8-9D79-4006-842A-2613CCB6D26F}.Release|Any CPU.ActiveCfg = Release|Any CPU
		{DA88E6D8-9D79-4006-842A-2613CCB6D26F}.Release|Any CPU.Build.0 = Release|Any CPU
	EndGlobalSection
	GlobalSection(SolutionProperties) = preSolution
		HideSolutionNode = FALSE
	EndGlobalSection
	GlobalSection(ExtensibilityGlobals) = postSolution
		SolutionGuid = {BBBE4AFD-43CB-40D3-9584-98A76ED654BF}
	EndGlobalSection
EndGlobal
